
Microsoft Visual Studio Solution File, Format Version 12.00
# Visual Studio 15
VisualStudioVersion = 15.0.27130.2003
MinimumVisualStudioVersion = 10.0.40219.1
Project("{FAE04EC0-301F-11D3-BF4B-00C04F79EFBC}") = "Simple calculator", "Simple calculator\Simple calculator.csproj", "{EE8F70FB-52FD-449D-8680-0C219A7C060D}"
EndProject
Global
	GlobalSection(SolutionConfigurationPlatforms) = preSolution
		Debug|Any CPU = Debug|Any CPU
		Release|Any CPU = Release|Any CPU
	EndGlobalSection
	GlobalSection(ProjectConfigurationPlatforms) = postSolution
		{EE8F70FB-52FD-449D-8680-0C219A7C060D}.Debug|Any CPU.ActiveCfg = Debug|Any CPU
		{EE8F70FB-52FD-449D-8680-0C219A7C060D}.Debug|Any CPU.Build.0 = Debug|Any CPU
		{EE8F70FB-52FD-449D-8680-0C219A7C060D}.Release|Any CPU.ActiveCfg = Release|Any CPU
		{EE8F70FB-52FD-449D-8680-0C219A7C060D}.Release|Any CPU.Build.0 = Release|Any CPU
	EndGlobalSection
	GlobalSection(SolutionProperties) = preSolution
		HideSolutionNode = FALSE
	EndGlobalSection
	GlobalSection(ExtensibilityGlobals) = postSolution
		SolutionGuid = {9565E4FF-3F3E-4057-9FFF-280E76DC296F}
	EndGlobalSection
EndGlobal
